
Microsoft Visual Studio Solution File, Format Version 12.00
# Visual Studio 15
VisualStudioVersion = 15.0.27703.2047
MinimumVisualStudioVersion = 10.0.40219.1
Project("{FAE04EC0-301F-11D3-BF4B-00C04F79EFBC}") = "TaskManagerUI", "TaskManagerUI\TaskManagerUI.csproj", "{4B6C4E35-492E-4FDF-9C6E-B458580143E3}"
EndProject
Global
	GlobalSection(SolutionConfigurationPlatforms) = preSolution
		Debug|Any CPU = Debug|Any CPU
		Release|Any CPU = Release|Any CPU
	EndGlobalSection
	GlobalSection(ProjectConfigurationPlatforms) = postSolution
		{4B6C4E35-492E-4FDF-9C6E-B458580143E3}.Debug|Any CPU.ActiveCfg = Debug|Any CPU
		{4B6C4E35-492E-4FDF-9C6E-B458580143E3}.Debug|Any CPU.Build.0 = Debug|Any CPU
		{4B6C4E35-492E-4FDF-9C6E-B458580143E3}.Release|Any CPU.ActiveCfg = Release|Any CPU
		{4B6C4E35-492E-4FDF-9C6E-B458580143E3}.Release|Any CPU.Build.0 = Release|Any CPU
	EndGlobalSection
	GlobalSection(SolutionProperties) = preSolution
		HideSolutionNode = FALSE
	EndGlobalSection
	GlobalSection(ExtensibilityGlobals) = postSolution
		SolutionGuid = {6053E924-7964-4679-A41A-B4902A297D88}
	EndGlobalSection
EndGlobal
